
Microsoft Visual Studio Solution File, Format Version 12.00
# Visual Studio Version 17
VisualStudioVersion = 17.0.31903.59
MinimumVisualStudioVersion = 10.0.40219.1
Project("{2150E333-8FDC-42A3-9474-1A3956D46DE8}") = "src", "src", "{06203732-2608-47FF-B3D4-46DD24325648}"
EndProject
Project("{FAE04EC0-301F-11D3-BF4B-00C04F79EFBC}") = "AuctionService", "src\AuctionService\AuctionService.csproj", "{2978D061-D2F9-467C-865D-38763316DC71}"
EndProject
Project("{FAE04EC0-301F-11D3-BF4B-00C04F79EFBC}") = "SearchService", "src\SearchService\SearchService.csproj", "{16D80A99-3222-48F9-B760-35D84AADD5A2}"
EndProject
Project("{FAE04EC0-301F-11D3-BF4B-00C04F79EFBC}") = "Contracts", "src\Contracts\Contracts.csproj", "{C9F9DCFB-713F-4BA5-ADEE-8C441DDBF028}"
EndProject
Project("{FAE04EC0-301F-11D3-BF4B-00C04F79EFBC}") = "IdentityService", "src\IdentityService\IdentityService.csproj", "{1F2A4335-A5EC-49DE-B17C-8CDDF45CAD2A}"
EndProject
Global
	GlobalSection(SolutionConfigurationPlatforms) = preSolution
		Debug|Any CPU = Debug|Any CPU
		Release|Any CPU = Release|Any CPU
	EndGlobalSection
	GlobalSection(SolutionProperties) = preSolution
		HideSolutionNode = FALSE
	EndGlobalSection
	GlobalSection(ProjectConfigurationPlatforms) = postSolution
		{2978D061-D2F9-467C-865D-38763316DC71}.Debug|Any CPU.ActiveCfg = Debug|Any CPU
		{2978D061-D2F9-467C-865D-38763316DC71}.Debug|Any CPU.Build.0 = Debug|Any CPU
		{2978D061-D2F9-467C-865D-38763316DC71}.Release|Any CPU.ActiveCfg = Release|Any CPU
		{2978D061-D2F9-467C-865D-38763316DC71}.Release|Any CPU.Build.0 = Release|Any CPU
		{16D80A99-3222-48F9-B760-35D84AADD5A2}.Debug|Any CPU.ActiveCfg = Debug|Any CPU
		{16D80A99-3222-48F9-B760-35D84AADD5A2}.Debug|Any CPU.Build.0 = Debug|Any CPU
		{16D80A99-3222-48F9-B760-35D84AADD5A2}.Release|Any CPU.ActiveCfg = Release|Any CPU
		{16D80A99-3222-48F9-B760-35D84AADD5A2}.Release|Any CPU.Build.0 = Release|Any CPU
		{C9F9DCFB-713F-4BA5-ADEE-8C441DDBF028}.Debug|Any CPU.ActiveCfg = Debug|Any CPU
		{C9F9DCFB-713F-4BA5-ADEE-8C441DDBF028}.Debug|Any CPU.Build.0 = Debug|Any CPU
		{C9F9DCFB-713F-4BA5-ADEE-8C441DDBF028}.Release|Any CPU.ActiveCfg = Release|Any CPU
		{C9F9DCFB-713F-4BA5-ADEE-8C441DDBF028}.Release|Any CPU.Build.0 = Release|Any CPU
		{1F2A4335-A5EC-49DE-B17C-8CDDF45CAD2A}.Debug|Any CPU.ActiveCfg = Debug|Any CPU
		{1F2A4335-A5EC-49DE-B17C-8CDDF45CAD2A}.Debug|Any CPU.Build.0 = Debug|Any CPU
		{1F2A4335-A5EC-49DE-B17C-8CDDF45CAD2A}.Release|Any CPU.ActiveCfg = Release|Any CPU
		{1F2A4335-A5EC-49DE-B17C-8CDDF45CAD2A}.Release|Any CPU.Build.0 = Release|Any CPU
	EndGlobalSection
	GlobalSection(NestedProjects) = preSolution
		{2978D061-D2F9-467C-865D-38763316DC71} = {06203732-2608-47FF-B3D4-46DD24325648}
		{16D80A99-3222-48F9-B760-35D84AADD5A2} = {06203732-2608-47FF-B3D4-46DD24325648}
		{C9F9DCFB-713F-4BA5-ADEE-8C441DDBF028} = {06203732-2608-47FF-B3D4-46DD24325648}
		{1F2A4335-A5EC-49DE-B17C-8CDDF45CAD2A} = {06203732-2608-47FF-B3D4-46DD24325648}
	EndGlobalSection
EndGlobal
